{
  "nodes": {
    "nixpkgs": {
      "locked": {
        "lastModified": 1782948114,
        "narHash": "sha256-AXmz9ho4Lud5CsbrZsuSVwpQZ4o5FgZ1chxBn5cJ8+0=",
        "owner": "NixOS",
        "repo": "nixpkgs",
        "rev": "9e92285f211dad236540fd617d7e30e0b99bc0e1",
        "type": "github"
      },
      "original": {
        "owner": "NixOS",
        "ref": "nixpkgs-unstable",
        "repo": "nixpkgs",
        "type": "github"
      }
    },
    "paredit-cli": {
      "inputs": {
        "nixpkgs": [
          "nixpkgs"
        ],
        "rust-overlay": "rust-overlay",
        "treefmt-nix": "treefmt-nix"
      },
      "locked": {
        "lastModified": 1783796150,
        "narHash": "sha256-EiA9eOKIZ5mIPHUzINSg/lKxHNjm/ljn0BVWCFQHwDI=",
        "owner": "takeokunn",
        "repo": "paredit-cli",
        "rev": "335e3b8e7f737ed9afec5f166ab944e524d38059",
        "type": "github"
      },
      "original": {
        "owner": "takeokunn",
        "repo": "paredit-cli",
        "type": "github"
      }
    },
    "root": {
      "inputs": {
        "nixpkgs": "nixpkgs",
        "paredit-cli": "paredit-cli"
      }
    },
    "rust-overlay": {
      "inputs": {
        "nixpkgs": [
          "paredit-cli",
          "nixpkgs"
        ]
      },
      "locked": {
        "lastModified": 1783663825,
        "narHash": "sha256-TTrNVoFdEw8j0Hn+shP1KAsimTmszTWBIIUliTaAuY0=",
        "owner": "oxalica",
        "repo": "rust-overlay",
        "rev": "072adf9b18936c1062c48123a9b77891d5968f2c",
        "type": "github"
      },
      "original": {
        "owner": "oxalica",
        "repo": "rust-overlay",
        "type": "github"
      }
    },
    "treefmt-nix": {
      "inputs": {
        "nixpkgs": [
          "paredit-cli",
          "nixpkgs"
        ]
      },
      "locked": {
        "lastModified": 1780220602,
        "narHash": "sha256-eynAfOmbmxJnkp7YewvCEbShNnnYJ9gLLqkzsYtBPeM=",
        "owner": "numtide",
        "repo": "treefmt-nix",
        "rev": "db947814a175b7ca6ded66e21383d938df01c227",
        "type": "github"
      },
      "original": {
        "owner": "numtide",
        "repo": "treefmt-nix",
        "type": "github"
      }
    }
  },
  "root": "root",
  "version": 7
}
